{
  "version": 4,
  "terraform_version": "1.4.5",
  "serial": 38,
  "lineage": "5b19f5f2-0e77-26d6-6fcb-f987c9ebff27",
  "outputs": {},
  "resources": [
    {
      "module": "module.autoscale",
      "mode": "managed",
      "type": "azurerm_monitor_autoscale_setting",
      "name": "vmss_autoscale",
      "provider": "provider[\"registry.terraform.io/hashicorp/azurerm\"]",
      "instances": [
        {
          "schema_version": 2,
          "attributes": {
            "enabled": true,
            "id": "/subscriptions/6e2f4a6c-817d-4747-96e0-32a1dc328a3f/resourceGroups/rg-dev/providers/Microsoft.Insights/autoScaleSettings/vmss-dev-autoscale",
            "location": "eastus2",
            "name": "vmss-dev-autoscale",
            "notification": [],
            "predictive": [],
            "profile": [
              {
                "capacity": [
                  {
                    "default": 2,
                    "maximum": 5,
                    "minimum": 1
                  }
                ],
                "fixed_date": [],
                "name": "cpu-autoscale",
                "recurrence": [],
                "rule": [
                  {
                    "metric_trigger": [
                      {
                        "dimensions": [],
                        "divide_by_instance_count": false,
                        "metric_name": "Percentage CPU",
                        "metric_namespace": "",
                        "metric_resource_id": "/subscriptions/6e2f4a6c-817d-4747-96e0-32a1dc328a3f/resourceGroups/rg-dev/providers/Microsoft.Compute/virtualMachineScaleSets/vmss-dev",
                        "operator": "GreaterThan",
                        "statistic": "Average",
                        "threshold": 75,
                        "time_aggregation": "Average",
                        "time_grain": "PT1M",
                        "time_window": "PT5M"
                      }
                    ],
                    "scale_action": [
                      {
                        "cooldown": "PT5M",
                        "direction": "Increase",
                        "type": "ChangeCount",
                        "value": 1
                      }
                    ]
                  },
                  {
                    "metric_trigger": [
                      {
                        "dimensions": [],
                        "divide_by_instance_count": false,
                        "metric_name": "Percentage CPU",
                        "metric_namespace": "",
                        "metric_resource_id": "/subscriptions/6e2f4a6c-817d-4747-96e0-32a1dc328a3f/resourceGroups/rg-dev/providers/Microsoft.Compute/virtualMachineScaleSets/vmss-dev",
                        "operator": "LessThan",
                        "statistic": "Average",
                        "threshold": 25,
                        "time_aggregation": "Average",
                        "time_grain": "PT1M",
                        "time_window": "PT5M"
                      }
                    ],
                    "scale_action": [
                      {
                        "cooldown": "PT5M",
                        "direction": "Decrease",
                        "type": "ChangeCount",
                        "value": 1
                      }
                    ]
                  }
                ]
              }
            ],
            "resource_group_name": "rg-dev",
            "tags": null,
            "target_resource_id": "/subscriptions/6e2f4a6c-817d-4747-96e0-32a1dc328a3f/resourceGroups/rg-dev/providers/Microsoft.Compute/virtualMachineScaleSets/vmss-dev",
            "timeouts": null
          },
          "sensitive_attributes": [],
          "private": "eyJlMmJmYjczMC1lY2FhLTExZTYtOGY4OC0zNDM2M2JjN2M0YzAiOnsiY3JlYXRlIjoxODAwMDAwMDAwMDAwLCJkZWxldGUiOjE4MDAwMDAwMDAwMDAsInJlYWQiOjMwMDAwMDAwMDAwMCwidXBkYXRlIjoxODAwMDAwMDAwMDAwfSwic2NoZW1hX3ZlcnNpb24iOiIyIn0=",
          "dependencies": [
            "module.lb.azurerm_lb_backend_address_pool.bepool",
            "module.network.azurerm_resource_group.rg",
            "module.network.azurerm_subnet.vmss",
            "module.vmss.azurerm_linux_virtual_machine_scale_set.vmss"
          ]
        }
      ]
    },
    {
      "module": "module.lb",
      "mode": "managed",
      "type": "azurerm_lb",
      "name": "vmss_lb",
      "provider": "provider[\"registry.terraform.io/hashicorp/azurerm\"]",
      "instances": [
        {
          "schema_version": 0,
          "attributes": {
            "edge_zone": "",
            "frontend_ip_configuration": [
              {
                "gateway_load_balancer_frontend_ip_configuration_id": "",
                "id": "/subscriptions/6e2f4a6c-817d-4747-96e0-32a1dc328a3f/resourceGroups/rg-dev/providers/Microsoft.Network/loadBalancers/vmss-lb/frontendIPConfigurations/PublicFrontend",
                "inbound_nat_rules": [],
                "load_balancer_rules": [
                  "/subscriptions/6e2f4a6c-817d-4747-96e0-32a1dc328a3f/resourceGroups/rg-dev/providers/Microsoft.Network/loadBalancers/vmss-lb/loadBalancingRules/HTTP"
                ],
                "name": "PublicFrontend",
                "outbound_rules": [],
                "private_ip_address": "",
                "private_ip_address_allocation": "Dynamic",
                "private_ip_address_version": "",
                "public_ip_address_id": "/subscriptions/6e2f4a6c-817d-4747-96e0-32a1dc328a3f/resourceGroups/rg-dev/providers/Microsoft.Network/publicIPAddresses/lb-pip",
                "public_ip_prefix_id": "",
                "subnet_id": "",
                "zones": []
              }
            ],
            "id": "/subscriptions/6e2f4a6c-817d-4747-96e0-32a1dc328a3f/resourceGroups/rg-dev/providers/Microsoft.Network/loadBalancers/vmss-lb",
            "location": "eastus2",
            "name": "vmss-lb",
            "private_ip_address": "",
            "private_ip_addresses": [],
            "resource_group_name": "rg-dev",
            "sku": "Standard",
            "sku_tier": "Regional",
            "tags": {},
            "timeouts": null
          },
          "sensitive_attributes": [],
          "private": "eyJlMmJmYjczMC1lY2FhLTExZTYtOGY4OC0zNDM2M2JjN2M0YzAiOnsiY3JlYXRlIjoxODAwMDAwMDAwMDAwLCJkZWxldGUiOjE4MDAwMDAwMDAwMDAsInJlYWQiOjMwMDAwMDAwMDAwMCwidXBkYXRlIjoxODAwMDAwMDAwMDAwfX0=",
          "dependencies": [
            "module.lb.azurerm_public_ip.lb_pip",
            "module.network.azurerm_resource_group.rg"
          ]
        }
      ]
    },
    {
      "module": "module.lb",
      "mode": "managed",
      "type": "azurerm_lb_backend_address_pool",
      "name": "bepool",
      "provider": "provider[\"registry.terraform.io/hashicorp/azurerm\"]",
      "instances": [
        {
          "schema_version": 0,
          "attributes": {
            "backend_ip_configurations": [
              "/subscriptions/6e2f4a6c-817d-4747-96e0-32a1dc328a3f/resourceGroups/rg-dev/providers/Microsoft.Compute/virtualMachineScaleSets/vmss-dev/virtualMachines/0/networkInterfaces/nic/ipConfigurations/internal",
              "/subscriptions/6e2f4a6c-817d-4747-96e0-32a1dc328a3f/resourceGroups/rg-dev/providers/Microsoft.Compute/virtualMachineScaleSets/vmss-dev/virtualMachines/3/networkInterfaces/nic/ipConfigurations/internal"
            ],
            "id": "/subscriptions/6e2f4a6c-817d-4747-96e0-32a1dc328a3f/resourceGroups/rg-dev/providers/Microsoft.Network/loadBalancers/vmss-lb/backendAddressPools/BackEndPool",
            "inbound_nat_rules": [],
            "load_balancing_rules": [
              "/subscriptions/6e2f4a6c-817d-4747-96e0-32a1dc328a3f/resourceGroups/rg-dev/providers/Microsoft.Network/loadBalancers/vmss-lb/loadBalancingRules/HTTP"
            ],
            "loadbalancer_id": "/subscriptions/6e2f4a6c-817d-4747-96e0-32a1dc328a3f/resourceGroups/rg-dev/providers/Microsoft.Network/loadBalancers/vmss-lb",
            "name": "BackEndPool",
            "outbound_rules": [],
            "synchronous_mode": "",
            "timeouts": null,
            "tunnel_interface": [],
            "virtual_network_id": ""
          },
          "sensitive_attributes": [],
          "private": "eyJlMmJmYjczMC1lY2FhLTExZTYtOGY4OC0zNDM2M2JjN2M0YzAiOnsiY3JlYXRlIjoxODAwMDAwMDAwMDAwLCJkZWxldGUiOjE4MDAwMDAwMDAwMDAsInJlYWQiOjMwMDAwMDAwMDAwMCwidXBkYXRlIjoxODAwMDAwMDAwMDAwfX0=",
          "dependencies": [
            "module.lb.azurerm_lb.vmss_lb",
            "module.lb.azurerm_public_ip.lb_pip",
            "module.network.azurerm_resource_group.rg"
          ]
        }
      ]
    },
    {
      "module": "module.lb",
      "mode": "managed",
      "type": "azurerm_lb_probe",
      "name": "http_probe",
      "provider": "provider[\"registry.terraform.io/hashicorp/azurerm\"]",
      "instances": [
        {
          "schema_version": 0,
          "attributes": {
            "id": "/subscriptions/6e2f4a6c-817d-4747-96e0-32a1dc328a3f/resourceGroups/rg-dev/providers/Microsoft.Network/loadBalancers/vmss-lb/probes/http-probe",
            "interval_in_seconds": 15,
            "load_balancer_rules": [
              "/subscriptions/6e2f4a6c-817d-4747-96e0-32a1dc328a3f/resourceGroups/rg-dev/providers/Microsoft.Network/loadBalancers/vmss-lb/loadBalancingRules/HTTP"
            ],
            "loadbalancer_id": "/subscriptions/6e2f4a6c-817d-4747-96e0-32a1dc328a3f/resourceGroups/rg-dev/providers/Microsoft.Network/loadBalancers/vmss-lb",
            "name": "http-probe",
            "number_of_probes": 2,
            "port": 80,
            "probe_threshold": 1,
            "protocol": "Tcp",
            "request_path": "",
            "timeouts": null
          },
          "sensitive_attributes": [],
          "private": "eyJlMmJmYjczMC1lY2FhLTExZTYtOGY4OC0zNDM2M2JjN2M0YzAiOnsiY3JlYXRlIjoxODAwMDAwMDAwMDAwLCJkZWxldGUiOjE4MDAwMDAwMDAwMDAsInJlYWQiOjMwMDAwMDAwMDAwMCwidXBkYXRlIjoxODAwMDAwMDAwMDAwfX0=",
          "dependencies": [
            "module.lb.azurerm_lb.vmss_lb",
            "module.lb.azurerm_public_ip.lb_pip",
            "module.network.azurerm_resource_group.rg"
          ]
        }
      ]
    },
    {
      "module": "module.lb",
      "mode": "managed",
      "type": "azurerm_lb_rule",
      "name": "http_rule",
      "provider": "provider[\"registry.terraform.io/hashicorp/azurerm\"]",
      "instances": [
        {
          "schema_version": 0,
          "attributes": {
            "backend_address_pool_ids": [
              "/subscriptions/6e2f4a6c-817d-4747-96e0-32a1dc328a3f/resourceGroups/rg-dev/providers/Microsoft.Network/loadBalancers/vmss-lb/backendAddressPools/BackEndPool"
            ],
            "backend_port": 80,
            "disable_outbound_snat": false,
            "enable_floating_ip": false,
            "enable_tcp_reset": false,
            "frontend_ip_configuration_id": "/subscriptions/6e2f4a6c-817d-4747-96e0-32a1dc328a3f/resourceGroups/rg-dev/providers/Microsoft.Network/loadBalancers/vmss-lb/frontendIPConfigurations/PublicFrontend",
            "frontend_ip_configuration_name": "PublicFrontend",
            "frontend_port": 80,
            "id": "/subscriptions/6e2f4a6c-817d-4747-96e0-32a1dc328a3f/resourceGroups/rg-dev/providers/Microsoft.Network/loadBalancers/vmss-lb/loadBalancingRules/HTTP",
            "idle_timeout_in_minutes": 4,
            "load_distribution": "Default",
            "loadbalancer_id": "/subscriptions/6e2f4a6c-817d-4747-96e0-32a1dc328a3f/resourceGroups/rg-dev/providers/Microsoft.Network/loadBalancers/vmss-lb",
            "name": "HTTP",
            "probe_id": "/subscriptions/6e2f4a6c-817d-4747-96e0-32a1dc328a3f/resourceGroups/rg-dev/providers/Microsoft.Network/loadBalancers/vmss-lb/probes/http-probe",
            "protocol": "Tcp",
            "timeouts": null
          },
          "sensitive_attributes": [],
          "private": "eyJlMmJmYjczMC1lY2FhLTExZTYtOGY4OC0zNDM2M2JjN2M0YzAiOnsiY3JlYXRlIjoxODAwMDAwMDAwMDAwLCJkZWxldGUiOjE4MDAwMDAwMDAwMDAsInJlYWQiOjMwMDAwMDAwMDAwMCwidXBkYXRlIjoxODAwMDAwMDAwMDAwfX0=",
          "dependencies": [
            "module.lb.azurerm_lb.vmss_lb",
            "module.lb.azurerm_lb_backend_address_pool.bepool",
            "module.lb.azurerm_lb_probe.http_probe",
            "module.lb.azurerm_public_ip.lb_pip",
            "module.network.azurerm_resource_group.rg"
          ]
        }
      ]
    },
    {
      "module": "module.lb",
      "mode": "managed",
      "type": "azurerm_public_ip",
      "name": "lb_pip",
      "provider": "provider[\"registry.terraform.io/hashicorp/azurerm\"]",
      "instances": [
        {
          "schema_version": 0,
          "attributes": {
            "allocation_method": "Static",
            "ddos_protection_mode": "VirtualNetworkInherited",
            "ddos_protection_plan_id": null,
            "domain_name_label": null,
            "edge_zone": "",
            "fqdn": null,
            "id": "/subscriptions/6e2f4a6c-817d-4747-96e0-32a1dc328a3f/resourceGroups/rg-dev/providers/Microsoft.Network/publicIPAddresses/lb-pip",
            "idle_timeout_in_minutes": 4,
            "ip_address": "20.12.13.252",
            "ip_tags": {},
            "ip_version": "IPv4",
            "location": "eastus2",
            "name": "lb-pip",
            "public_ip_prefix_id": null,
            "resource_group_name": "rg-dev",
            "reverse_fqdn": null,
            "sku": "Standard",
            "sku_tier": "Regional",
            "tags": {},
            "timeouts": null,
            "zones": []
          },
          "sensitive_attributes": [],
          "private": "eyJlMmJmYjczMC1lY2FhLTExZTYtOGY4OC0zNDM2M2JjN2M0YzAiOnsiY3JlYXRlIjoxODAwMDAwMDAwMDAwLCJkZWxldGUiOjE4MDAwMDAwMDAwMDAsInJlYWQiOjMwMDAwMDAwMDAwMCwidXBkYXRlIjoxODAwMDAwMDAwMDAwfX0=",
          "dependencies": [
            "module.network.azurerm_resource_group.rg"
          ]
        }
      ]
    },
    {
      "module": "module.network",
      "mode": "managed",
      "type": "azurerm_resource_group",
      "name": "rg",
      "provider": "provider[\"registry.terraform.io/hashicorp/azurerm\"]",
      "instances": [
        {
          "schema_version": 0,
          "attributes": {
            "id": "/subscriptions/6e2f4a6c-817d-4747-96e0-32a1dc328a3f/resourceGroups/rg-dev",
            "location": "eastus2",
            "managed_by": "",
            "name": "rg-dev",
            "tags": {},
            "timeouts": null
          },
          "sensitive_attributes": [],
          "private": "eyJlMmJmYjczMC1lY2FhLTExZTYtOGY4OC0zNDM2M2JjN2M0YzAiOnsiY3JlYXRlIjo1NDAwMDAwMDAwMDAwLCJkZWxldGUiOjU0MDAwMDAwMDAwMDAsInJlYWQiOjMwMDAwMDAwMDAwMCwidXBkYXRlIjo1NDAwMDAwMDAwMDAwfX0="
        }
      ]
    },
    {
      "module": "module.network",
      "mode": "managed",
      "type": "azurerm_subnet",
      "name": "appgw",
      "provider": "provider[\"registry.terraform.io/hashicorp/azurerm\"]",
      "instances": [
        {
          "schema_version": 0,
          "attributes": {
            "address_prefixes": [
              "10.0.1.0/24"
            ],
            "default_outbound_access_enabled": true,
            "delegation": [],
            "enforce_private_link_endpoint_network_policies": false,
            "enforce_private_link_service_network_policies": false,
            "id": "/subscriptions/6e2f4a6c-817d-4747-96e0-32a1dc328a3f/resourceGroups/rg-dev/providers/Microsoft.Network/virtualNetworks/vnet-dev/subnets/appgw-subnet",
            "name": "appgw-subnet",
            "private_endpoint_network_policies": "Enabled",
            "private_endpoint_network_policies_enabled": true,
            "private_link_service_network_policies_enabled": true,
            "resource_group_name": "rg-dev",
            "service_endpoint_policy_ids": [],
            "service_endpoints": [],
            "timeouts": null,
            "virtual_network_name": "vnet-dev"
          },
          "sensitive_attributes": [],
          "private": "eyJlMmJmYjczMC1lY2FhLTExZTYtOGY4OC0zNDM2M2JjN2M0YzAiOnsiY3JlYXRlIjoxODAwMDAwMDAwMDAwLCJkZWxldGUiOjE4MDAwMDAwMDAwMDAsInJlYWQiOjMwMDAwMDAwMDAwMCwidXBkYXRlIjoxODAwMDAwMDAwMDAwfX0=",
          "dependencies": [
            "module.network.azurerm_resource_group.rg",
            "module.network.azurerm_virtual_network.vnet"
          ]
        }
      ]
    },
    {
      "module": "module.network",
      "mode": "managed",
      "type": "azurerm_subnet",
      "name": "vmss",
      "provider": "provider[\"registry.terraform.io/hashicorp/azurerm\"]",
      "instances": [
        {
          "schema_version": 0,
          "attributes": {
            "address_prefixes": [
              "10.0.2.0/24"
            ],
            "default_outbound_access_enabled": true,
            "delegation": [],
            "enforce_private_link_endpoint_network_policies": false,
            "enforce_private_link_service_network_policies": false,
            "id": "/subscriptions/6e2f4a6c-817d-4747-96e0-32a1dc328a3f/resourceGroups/rg-dev/providers/Microsoft.Network/virtualNetworks/vnet-dev/subnets/vmss-subnet",
            "name": "vmss-subnet",
            "private_endpoint_network_policies": "Enabled",
            "private_endpoint_network_policies_enabled": true,
            "private_link_service_network_policies_enabled": true,
            "resource_group_name": "rg-dev",
            "service_endpoint_policy_ids": [],
            "service_endpoints": [],
            "timeouts": null,
            "virtual_network_name": "vnet-dev"
          },
          "sensitive_attributes": [],
          "private": "eyJlMmJmYjczMC1lY2FhLTExZTYtOGY4OC0zNDM2M2JjN2M0YzAiOnsiY3JlYXRlIjoxODAwMDAwMDAwMDAwLCJkZWxldGUiOjE4MDAwMDAwMDAwMDAsInJlYWQiOjMwMDAwMDAwMDAwMCwidXBkYXRlIjoxODAwMDAwMDAwMDAwfX0=",
          "dependencies": [
            "module.network.azurerm_resource_group.rg",
            "module.network.azurerm_virtual_network.vnet"
          ]
        }
      ]
    },
    {
      "module": "module.network",
      "mode": "managed",
      "type": "azurerm_virtual_network",
      "name": "vnet",
      "provider": "provider[\"registry.terraform.io/hashicorp/azurerm\"]",
      "instances": [
        {
          "schema_version": 0,
          "attributes": {
            "address_space": [
              "10.0.0.0/16"
            ],
            "bgp_community": "",
            "ddos_protection_plan": [],
            "dns_servers": [],
            "edge_zone": "",
            "encryption": [],
            "flow_timeout_in_minutes": 0,
            "guid": "2ed359f1-3ece-4503-9045-c508f4249dcd",
            "id": "/subscriptions/6e2f4a6c-817d-4747-96e0-32a1dc328a3f/resourceGroups/rg-dev/providers/Microsoft.Network/virtualNetworks/vnet-dev",
            "location": "eastus2",
            "name": "vnet-dev",
            "resource_group_name": "rg-dev",
            "subnet": [
              {
                "address_prefix": "10.0.1.0/24",
                "id": "/subscriptions/6e2f4a6c-817d-4747-96e0-32a1dc328a3f/resourceGroups/rg-dev/providers/Microsoft.Network/virtualNetworks/vnet-dev/subnets/appgw-subnet",
                "name": "appgw-subnet",
                "security_group": ""
              },
              {
                "address_prefix": "10.0.2.0/24",
                "id": "/subscriptions/6e2f4a6c-817d-4747-96e0-32a1dc328a3f/resourceGroups/rg-dev/providers/Microsoft.Network/virtualNetworks/vnet-dev/subnets/vmss-subnet",
                "name": "vmss-subnet",
                "security_group": ""
              }
            ],
            "tags": {},
            "timeouts": null
          },
          "sensitive_attributes": [],
          "private": "eyJlMmJmYjczMC1lY2FhLTExZTYtOGY4OC0zNDM2M2JjN2M0YzAiOnsiY3JlYXRlIjoxODAwMDAwMDAwMDAwLCJkZWxldGUiOjE4MDAwMDAwMDAwMDAsInJlYWQiOjMwMDAwMDAwMDAwMCwidXBkYXRlIjoxODAwMDAwMDAwMDAwfX0=",
          "dependencies": [
            "module.network.azurerm_resource_group.rg"
          ]
        }
      ]
    },
    {
      "module": "module.vmss",
      "mode": "managed",
      "type": "azurerm_linux_virtual_machine_scale_set",
      "name": "vmss",
      "provider": "provider[\"registry.terraform.io/hashicorp/azurerm\"]",
      "instances": [
        {
          "schema_version": 0,
          "attributes": {
            "additional_capabilities": [],
            "admin_password": null,
            "admin_ssh_key": [
              {
                "public_key": "ssh-rsa AAAAB3NzaC1yc2EAAAADAQABAAACAQDBqmPIBPVA9ltKINMJCyCvv6SvEqdOTtuALpExsx3pWELBlN7S9eoE4kSfrDiA6PhWz4PFg86euTNl+EXfPJusS0SKvXQHV1Y1xjllM1ATDF27ExHyZYvUtm1UYmgm+28JQjqbmzvztXRSpYJPtuI+LsvkOYyuhi28mDgjqIzeGTYREOblXNjK9iDJLgfa8FT2e9WX2mhk5Ain5+DS3RDgLFoA1pbL9rrvm9DnSiCDwG9UeaJXwcDoyawx2j/7vau+47nRyRrN4OLE0wSlwUJu5e858tt1DY4lb3Trfsu6SMTO4VF6I9xew3p1Xd6xNVRg17FHoZh916kbi/TfsAg++O/49v4jhm5nbTV8fAPHQgdv/kMeGrfqSizVzDlmZeO2Iuhvzd8PB99A8z1d0PzqHDBep/16FZWZ9fT5mMIPMWUNiUPwXijpXtdZpQv7TV7gkcYnL8+R8Q2Rqsfv9doKwgBxhAOo8viBsOfZFg2KyEtSiHe6oJ7Rt3Dnf9SvinApmh8473sk0/V49vuRT2c3CfIF8zoGxGzOCH8hKcDkjXif67UpN2J7shjcPNR178swmRAm9LuRtZoPXvrYS6AOx0wKP3VMaNv/SxryOF8WgbKZPBZNy7BhBCagV7Q+wEQT6YwPDOm8iEMXgR38WbxuFD0MYEFuOkNmUQtOI4c+mw== jairodvb@MACBdB-99F7DT\n",
                "username": "azureuser"
              }
            ],
            "admin_username": "azureuser",
            "automatic_instance_repair": [],
            "automatic_os_upgrade_policy": [],
            "boot_diagnostics": [],
            "capacity_reservation_group_id": "",
            "computer_name_prefix": "vmss-dev",
            "custom_data": "I2Nsb3VkLWNvbmZpZwpwYWNrYWdlX3VwZGF0ZTogdHJ1ZQpwYWNrYWdlczoKICAtIG5naW54CnJ1bmNtZDoKICAtIGVjaG8gJ0VzdGEgZXMgbWkgcHJ1ZWJhIGRlIHRlcnJhZm9ybSB5YSBjb21wbGV0YWRhJyB8IHN1ZG8gdGVlIC92YXIvd3d3L2h0bWwvaW5kZXguaHRtbAogIC0gc3VkbyBzeXN0ZW1jdGwgZW5hYmxlIG5naW54CiAgLSBzdWRvIHN5c3RlbWN0bCByZXN0YXJ0IG5naW54Cg==",
            "data_disk": [],
            "disable_password_authentication": true,
            "do_not_run_extensions_on_overprovisioned_machines": false,
            "edge_zone": "",
            "encryption_at_host_enabled": false,
            "eviction_policy": "",
            "extension": [],
            "extension_operations_enabled": true,
            "extensions_time_budget": "PT1H30M",
            "gallery_application": [],
            "gallery_applications": [],
            "health_probe_id": "",
            "host_group_id": null,
            "id": "/subscriptions/6e2f4a6c-817d-4747-96e0-32a1dc328a3f/resourceGroups/rg-dev/providers/Microsoft.Compute/virtualMachineScaleSets/vmss-dev",
            "identity": [],
            "instances": 2,
            "location": "eastus2",
            "max_bid_price": -1,
            "name": "vmss-dev",
            "network_interface": [
              {
                "dns_servers": [],
                "enable_accelerated_networking": false,
                "enable_ip_forwarding": false,
                "ip_configuration": [
                  {
                    "application_gateway_backend_address_pool_ids": [],
                    "application_security_group_ids": [],
                    "load_balancer_backend_address_pool_ids": [
                      "/subscriptions/6e2f4a6c-817d-4747-96e0-32a1dc328a3f/resourceGroups/rg-dev/providers/Microsoft.Network/loadBalancers/vmss-lb/backendAddressPools/BackEndPool"
                    ],
                    "load_balancer_inbound_nat_rules_ids": [],
                    "name": "internal",
                    "primary": true,
                    "public_ip_address": [],
                    "subnet_id": "/subscriptions/6e2f4a6c-817d-4747-96e0-32a1dc328a3f/resourceGroups/rg-dev/providers/Microsoft.Network/virtualNetworks/vnet-dev/subnets/vmss-subnet",
                    "version": "IPv4"
                  }
                ],
                "name": "nic",
                "network_security_group_id": "",
                "primary": true
              }
            ],
            "os_disk": [
              {
                "caching": "ReadWrite",
                "diff_disk_settings": [],
                "disk_encryption_set_id": "",
                "disk_size_gb": 30,
                "secure_vm_disk_encryption_set_id": "",
                "security_encryption_type": "",
                "storage_account_type": "Standard_LRS",
                "write_accelerator_enabled": false
              }
            ],
            "overprovision": true,
            "plan": [],
            "platform_fault_domain_count": 5,
            "priority": "Regular",
            "provision_vm_agent": true,
            "proximity_placement_group_id": "",
            "resource_group_name": "rg-dev",
            "rolling_upgrade_policy": [],
            "scale_in": [
              {
                "force_deletion_enabled": false,
                "rule": "Default"
              }
            ],
            "scale_in_policy": "Default",
            "secret": [],
            "secure_boot_enabled": false,
            "single_placement_group": true,
            "sku": "Standard_B2s",
            "source_image_id": "",
            "source_image_reference": [
              {
                "offer": "0001-com-ubuntu-server-jammy",
                "publisher": "Canonical",
                "sku": "22_04-lts-gen2",
                "version": "latest"
              }
            ],
            "spot_restore": [],
            "tags": {},
            "terminate_notification": [],
            "termination_notification": [],
            "timeouts": null,
            "unique_id": "d1738c8a-43db-4ff5-aaf9-3854894bdbd8",
            "upgrade_mode": "Automatic",
            "user_data": "",
            "vtpm_enabled": false,
            "zone_balance": false,
            "zones": []
          },
          "sensitive_attributes": [],
          "private": "eyJlMmJmYjczMC1lY2FhLTExZTYtOGY4OC0zNDM2M2JjN2M0YzAiOnsiY3JlYXRlIjozNjAwMDAwMDAwMDAwLCJkZWxldGUiOjM2MDAwMDAwMDAwMDAsInJlYWQiOjMwMDAwMDAwMDAwMCwidXBkYXRlIjozNjAwMDAwMDAwMDAwfX0=",
          "dependencies": [
            "module.lb.azurerm_lb_backend_address_pool.bepool",
            "module.network.azurerm_resource_group.rg",
            "module.network.azurerm_subnet.vmss"
          ]
        }
      ]
    }
  ],
  "check_results": null
}
